// !$*UTF8*$!
{
	archiveVersion = 1;
	classes = {
	};
	objectVersion = 46;
	objects = {

/* Begin PBXBuildFile section */
		22ED5FA91BD962FE006FE9AB /* AppDelegate.swift in Sources */ = {isa = PBXBuildFile; fileRef = 22ED5FA81BD962FE006FE9AB /* AppDelegate.swift */; };
		22ED5FAB1BD962FE006FE9AB /* ViewController.swift in Sources */ = {isa = PBXBuildFile; fileRef = 22ED5FAA1BD962FE006FE9AB /* ViewController.swift */; };
		22ED5FAE1BD962FE006FE9AB /* Main.storyboard in Resources */ = {isa = PBXBuildFile; fileRef = 22ED5FAC1BD962FE006FE9AB /* Main.storyboard */; };
		22ED5FB01BD962FE006FE9AB /* Assets.xcassets in Resources */ = {isa = PBXBuildFile; fileRef = 22ED5FAF1BD962FE006FE9AB /* Assets.xcassets */; };
		22ED5FB31BD962FE006FE9AB /* LaunchScreen.storyboard in Resources */ = {isa = PBXBuildFile; fileRef = 22ED5FB11BD962FE006FE9AB /* LaunchScreen.storyboard */; };
/* End PBXBuildFile section */

/* Begin PBXFileReference section */
		22ED5FA51BD962FE006FE9AB /* SimpleCalciOS.app */ = {isa = PBXFileReference; explicitFileType = wrapper.application; includeInIndex = 0; path = SimpleCalciOS.app; sourceTree = BUILT_PRODUCTS_DIR; };
		22ED5FA81BD962FE006FE9AB /* AppDelegate.swift */ = {isa = PBXFileReference; lastKnownFileType = sourcecode.swift; path = AppDelegate.swift; sourceTree = "<group>"; };
		22ED5FAA1BD962FE006FE9AB /* ViewController.swift */ = {isa = PBXFileReference; lastKnownFileType = sourcecode.swift; path = ViewController.swift; sourceTree = "<group>"; };
		22ED5FAD1BD962FE006FE9AB /* Base */ = {isa = PBXFileReference; lastKnownFileType = file.storyboard; name = Base; path = Base.lproj/Main.storyboard; sourceTree = "<group>"; };
		22ED5FAF1BD962FE006FE9AB /* Assets.xcassets */ = {isa = PBXFileReference; lastKnownFileType = folder.assetcatalog; path = Assets.xcassets; sourceTree = "<group>"; };
		22ED5FB21BD962FE006FE9AB /* Base */ = {isa = PBXFileReference; lastKnownFileType = file.storyboard; name = Base; path = Base.lproj/LaunchScreen.storyboard; sourceTree = "<group>"; };
		22ED5FB41BD962FE006FE9AB /* Info.plist */ = {isa = PBXFileReference; lastKnownFileType = text.plist.xml; path = Info.plist; sourceTree = "<group>"; };
/* End PBXFileReference section */

/* Begin PBXFrameworksBuildPhase section */
		22ED5FA21BD962FE006FE9AB /* Frameworks */ = {
			isa = PBXFrameworksBuildPhase;
			buildActionMask = 2147483647;
			files = (
			);
			runOnlyForDeploymentPostprocessing = 0;
		};
/* End PBXFrameworksBuildPhase section */

/* Begin PBXGroup section */
		22ED5F9C1BD962FE006FE9AB = {
			isa = PBXGroup;
			children = (
				22ED5FA71BD962FE006FE9AB /* SimpleCalciOS */,
				22ED5FA61BD962FE006FE9AB /* Products */,
			);
			sourceTree = "<group>";
		};
		22ED5FA61BD962FE006FE9AB /* Products */ = {
			isa = PBXGroup;
			children = (
				22ED5FA51BD962FE006FE9AB /* SimpleCalciOS.app */,
			);
			name = Products;
			sourceTree = "<group>";
		};
		22ED5FA71BD962FE006FE9AB /* SimpleCalciOS */ = {
			isa = PBXGroup;
			children = (
				22ED5FA81BD962FE006FE9AB /* AppDelegate.swift */,
				22ED5FAA1BD962FE006FE9AB /* ViewController.swift */,
				22ED5FAC1BD962FE006FE9AB /* Main.storyboard */,
				22ED5FAF1BD962FE006FE9AB /* Assets.xcassets */,
				22ED5FB11BD962FE006FE9AB /* LaunchScreen.storyboard */,
				22ED5FB41BD962FE006FE9AB /* Info.plist */,
			);
			path = SimpleCalciOS;
			sourceTree = "<group>";
		};
/* End PBXGroup section */

/* Begin PBXNativeTarget section */
		22ED5FA41BD962FE006FE9AB /* SimpleCalciOS */ = {
			isa = PBXNativeTarget;
			buildConfigurationList = 22ED5FB71BD962FE006FE9AB /* Build configuration list for PBXNativeTarget "SimpleCalciOS" */;
			buildPhases = (
				22ED5FA11BD962FE006FE9AB /* Sources */,
				22ED5FA21BD962FE006FE9AB /* Frameworks */,
				22ED5FA31BD962FE006FE9AB /* Resources */,
			);
			buildRules = (
			);
			dependencies = (
			);
			name = SimpleCalciOS;
			productName = SimpleCalciOS;
			productReference = 22ED5FA51BD962FE006FE9AB /* SimpleCalciOS.app */;
			productType = "com.apple.product-type.application";
		};
/* End PBXNativeTarget section */

/* Begin PBXProject section */
		22ED5F9D1BD962FE006FE9AB /* Project object */ = {
			isa = PBXProject;
			attributes = {
				LastSwiftUpdateCheck = 0710;
				LastUpgradeCheck = 0710;
				ORGANIZATIONNAME = "Sam Bender";
				TargetAttributes = {
					22ED5FA41BD962FE006FE9AB = {
						CreatedOnToolsVersion = 7.1;
					};
				};
			};
			buildConfigurationList = 22ED5FA01BD962FE006FE9AB /* Build configuration list for PBXProject "SimpleCalciOS" */;
			compatibilityVersion = "Xcode 3.2";
			developmentRegion = English;
			hasScannedForEncodings = 0;
			knownRegions = (
				en,
				Base,
			);
			mainGroup = 22ED5F9C1BD962FE006FE9AB;
			productRefGroup = 22ED5FA61BD962FE006FE9AB /* Products */;
			projectDirPath = "";
			projectRoot = "";
			targets = (
				22ED5FA41BD962FE006FE9AB /* SimpleCalciOS */,
			);
		};
/* End PBXProject section */

/* Begin PBXResourcesBuildPhase section */
		22ED5FA31BD962FE006FE9AB /* Resources */ = {
			isa = PBXResourcesBuildPhase;
			buildActionMask = 2147483647;
			files = (
				22ED5FB31BD962FE006FE9AB /* LaunchScreen.storyboard in Resources */,
				22ED5FB01BD962FE006FE9AB /* Assets.xcassets in Resources */,
				22ED5FAE1BD962FE006FE9AB /* Main.storyboard in Resources */,
			);
			runOnlyForDeploymentPostprocessing = 0;
		};
/* End PBXResourcesBuildPhase section */

/* Begin PBXSourcesBuildPhase section */
		22ED5FA11BD962FE006FE9AB /* Sources */ = {
			isa = PBXSourcesBuildPhase;
			buildActionMask = 2147483647;
			files = (
				22ED5FAB1BD962FE006FE9AB /* ViewController.swift in Sources */,
				22ED5FA91BD962FE006FE9AB /* AppDelegate.swift in Sources */,
			);
			runOnlyForDeploymentPostprocessing = 0;
		};
/* End PBXSourcesBuildPhase section */

/* Begin PBXVariantGroup section */
		22ED5FAC1BD962FE006FE9AB /* Main.storyboard */ = {
			isa = PBXVariantGroup;
			children = (
				22ED5FAD1BD962FE006FE9AB /* Base */,
			);
			name = Main.storyboard;
			sourceTree = "<group>";
		};
		22ED5FB11BD962FE006FE9AB /* LaunchScreen.storyboard */ = {
			isa = PBXVariantGroup;
			children = (
				22ED5FB21BD962FE006FE9AB /* Base */,
			);
			name = LaunchScreen.storyboard;
			sourceTree = "<group>";
		};
/* End PBXVariantGroup section */

/* Begin XCBuildConfiguration section */
		22ED5FB51BD962FE006FE9AB /* Debug */ = {
			isa = XCBuildConfiguration;
			buildSettings = {
				ALWAYS_SEARCH_USER_PATHS = NO;
				CLANG_CXX_LANGUAGE_STANDARD = "gnu++0x";
				CLANG_CXX_LIBRARY = "libc++";
				CLANG_ENABLE_MODULES = YES;
				CLANG_ENABLE_OBJC_ARC = YES;
				CLANG_WARN_BOOL_CONVERSION = YES;
				CLANG_WARN_CONSTANT_CONVERSION = YES;
				CLANG_WARN_DIRECT_OBJC_ISA_USAGE = YES_ERROR;
				CLANG_WARN_EMPTY_BODY = YES;
				CLANG_WARN_ENUM_CONVERSION = YES;
				CLANG_WARN_INT_CONVERSION = YES;
				CLANG_WARN_OBJC_ROOT_CLASS = YES_ERROR;
				CLANG_WARN_UNREACHABLE_CODE = YES;
				CLANG_WARN__DUPLICATE_METHOD_MATCH = YES;
				"CODE_SIGN_IDENTITY[sdk=iphoneos*]" = "iPhone Developer";
				COPY_PHASE_STRIP = NO;
				DEBUG_INFORMATION_FORMAT = dwarf;
				ENABLE_STRICT_OBJC_MSGSEND = YES;
				ENABLE_TESTABILITY = YES;
				GCC_C_LANGUAGE_STANDARD = gnu99;
				GCC_DYNAMIC_NO_PIC = NO;
				GCC_NO_COMMON_BLOCKS = YES;
				GCC_OPTIMIZATION_LEVEL = 0;
				GCC_PREPROCESSOR_DEFINITIONS = (
					"DEBUG=1",
					"$(inherited)",
				);
				GCC_WARN_64_TO_32_BIT_CONVERSION = YES;
				GCC_WARN_ABOUT_RETURN_TYPE = YES_ERROR;
				GCC_WARN_UNDECLARED_SELECTOR = YES;
				GCC_WARN_UNINITIALIZED_AUTOS = YES_AGGRESSIVE;
				GCC_WARN_UNUSED_FUNCTION = YES;
				GCC_WARN_UNUSED_VARIABLE = YES;
				IPHONEOS_DEPLOYMENT_TARGET = 9.1;
				MTL_ENABLE_DEBUG_INFO = YES;
				ONLY_ACTIVE_ARCH = YES;
				SDKROOT = iphoneos;
				SWIFT_OPTIMIZATION_LEVEL = "-Onone";
				TARGETED_DEVICE_FAMILY = "1,2";
			};
			name = Debug;
		};
		22ED5FB61BD962FE006FE9AB /* Release */ = {
			isa = XCBuildConfiguration;
			buildSettings = {
				ALWAYS_SEARCH_USER_PATHS = NO;
				CLANG_CXX_LANGUAGE_STANDARD = "gnu++0x";
				CLANG_CXX_LIBRARY = "libc++";
				CLANG_ENABLE_MODULES = YES;
				CLANG_ENABLE_OBJC_ARC = YES;
				CLANG_WARN_BOOL_CONVERSION = YES;
				CLANG_WARN_CONSTANT_CONVERSION = YES;
				CLANG_WARN_DIRECT_OBJC_ISA_USAGE = YES_ERROR;
				CLANG_WARN_EMPTY_BODY = YES;
				CLANG_WARN_ENUM_CONVERSION = YES;
				CLANG_WARN_INT_CONVERSION = YES;
				CLANG_WARN_OBJC_ROOT_CLASS = YES_ERROR;
				CLANG_WARN_UNREACHABLE_CODE = YES;
				CLANG_WARN__DUPLICATE_METHOD_MATCH = YES;
				"CODE_SIGN_IDENTITY[sdk=iphoneos*]" = "iPhone Developer";
				COPY_PHASE_STRIP = NO;
				DEBUG_INFORMATION_FORMAT = "dwarf-with-dsym";
				ENABLE_NS_ASSERTIONS = NO;
				ENABLE_STRICT_OBJC_MSGSEND = YES;
				GCC_C_LANGUAGE_STANDARD = gnu99;
				GCC_NO_COMMON_BLOCKS = YES;
				GCC_WARN_64_TO_32_BIT_CONVERSION = YES;
				GCC_WARN_ABOUT_RETURN_TYPE = YES_ERROR;
				GCC_WARN_UNDECLARED_SELECTOR = YES;
				GCC_WARN_UNINITIALIZED_AUTOS = YES_AGGRESSIVE;
				GCC_WARN_UNUSED_FUNCTION = YES;
				GCC_WARN_UNUSED_VARIABLE = YES;
				IPHONEOS_DEPLOYMENT_TARGET = 9.1;
				MTL_ENABLE_DEBUG_INFO = NO;
				SDKROOT = iphoneos;
				TARGETED_DEVICE_FAMILY = "1,2";
				VALIDATE_PRODUCT = YES;
			};
			name = Release;
		};
		22ED5FB81BD962FE006FE9AB /* Debug */ = {
			isa = XCBuildConfiguration;
			buildSettings = {
				ASSETCATALOG_COMPILER_APPICON_NAME = AppIcon;
				INFOPLIST_FILE = SimpleCalciOS/Info.plist;
				IPHONEOS_DEPLOYMENT_TARGET = 9.0;
				LD_RUNPATH_SEARCH_PATHS = "$(inherited) @executable_path/Frameworks";
				PRODUCT_BUNDLE_IDENTIFIER = com.sambender.SimpleCalciOS;
				PRODUCT_NAME = "$(TARGET_NAME)";
			};
			name = Debug;
		};
		22ED5FB91BD962FE006FE9AB /* Release */ = {
			isa = XCBuildConfiguration;
			buildSettings = {
				ASSETCATALOG_COMPILER_APPICON_NAME = AppIcon;
				INFOPLIST_FILE = SimpleCalciOS/Info.plist;
				IPHONEOS_DEPLOYMENT_TARGET = 9.0;
				LD_RUNPATH_SEARCH_PATHS = "$(inherited) @executable_path/Frameworks";
				PRODUCT_BUNDLE_IDENTIFIER = com.sambender.SimpleCalciOS;
				PRODUCT_NAME = "$(TARGET_NAME)";
			};
			name = Release;
		};
/* End XCBuildConfiguration section */

/* Begin XCConfigurationList section */
		22ED5FA01BD962FE006FE9AB /* Build configuration list for PBXProject "SimpleCalciOS" */ = {
			isa = XCConfigurationList;
			buildConfigurations = (
				22ED5FB51BD962FE006FE9AB /* Debug */,
				22ED5FB61BD962FE006FE9AB /* Release */,
			);
			defaultConfigurationIsVisible = 0;
			defaultConfigurationName = Release;
		};
		22ED5FB71BD962FE006FE9AB /* Build configuration list for PBXNativeTarget "SimpleCalciOS" */ = {
			isa = XCConfigurationList;
			buildConfigurations = (
				22ED5FB81BD962FE006FE9AB /* Debug */,
				22ED5FB91BD962FE006FE9AB /* Release */,
			);
			defaultConfigurationIsVisible = 0;
			defaultConfigurationName = Release;
		};
/* End XCConfigurationList section */
	};
	rootObject = 22ED5F9D1BD962FE006FE9AB /* Project object */;
}
